
Microsoft Visual Studio Solution File, Format Version 12.00
# Visual Studio Version 16
VisualStudioVersion = 16.0.29020.237
MinimumVisualStudioVersion = 10.0.40219.1
Project("{9A19103F-16F7-4668-BE54-9A1E7A4F7556}") = "gp2gp-dash", "gp2gp-dash\gp2gp-dash.csproj", "{F28A7165-D988-4A48-A844-9DE297BB05F0}"
EndProject
Project("{9A19103F-16F7-4668-BE54-9A1E7A4F7556}") = "generate-test-data", "generate-test-data\generate-test-data.csproj", "{DC751F74-9E00-415F-AEE8-DB8CF454A984}"
EndProject
Project("{9A19103F-16F7-4668-BE54-9A1E7A4F7556}") = "Common", "Common\Common.csproj", "{929F3378-C7D7-4CC8-814C-D8904FB9E043}"
EndProject
Project("{FAE04EC0-301F-11D3-BF4B-00C04F79EFBC}") = "n1mm2web", "n1mm2web\n1mm2web.csproj", "{16112A95-9D32-4FBC-8E9D-CEB49BBC5A9A}"
EndProject
Global
	GlobalSection(SolutionConfigurationPlatforms) = preSolution
		Debug|Any CPU = Debug|Any CPU
		Release|Any CPU = Release|Any CPU
	EndGlobalSection
	GlobalSection(ProjectConfigurationPlatforms) = postSolution
		{F28A7165-D988-4A48-A844-9DE297BB05F0}.Debug|Any CPU.ActiveCfg = Debug|Any CPU
		{F28A7165-D988-4A48-A844-9DE297BB05F0}.Debug|Any CPU.Build.0 = Debug|Any CPU
		{F28A7165-D988-4A48-A844-9DE297BB05F0}.Release|Any CPU.ActiveCfg = Release|Any CPU
		{F28A7165-D988-4A48-A844-9DE297BB05F0}.Release|Any CPU.Build.0 = Release|Any CPU
		{DC751F74-9E00-415F-AEE8-DB8CF454A984}.Debug|Any CPU.ActiveCfg = Debug|Any CPU
		{DC751F74-9E00-415F-AEE8-DB8CF454A984}.Debug|Any CPU.Build.0 = Debug|Any CPU
		{DC751F74-9E00-415F-AEE8-DB8CF454A984}.Release|Any CPU.ActiveCfg = Release|Any CPU
		{DC751F74-9E00-415F-AEE8-DB8CF454A984}.Release|Any CPU.Build.0 = Release|Any CPU
		{929F3378-C7D7-4CC8-814C-D8904FB9E043}.Debug|Any CPU.ActiveCfg = Debug|Any CPU
		{929F3378-C7D7-4CC8-814C-D8904FB9E043}.Debug|Any CPU.Build.0 = Debug|Any CPU
		{929F3378-C7D7-4CC8-814C-D8904FB9E043}.Release|Any CPU.ActiveCfg = Release|Any CPU
		{929F3378-C7D7-4CC8-814C-D8904FB9E043}.Release|Any CPU.Build.0 = Release|Any CPU
		{16112A95-9D32-4FBC-8E9D-CEB49BBC5A9A}.Debug|Any CPU.ActiveCfg = Debug|Any CPU
		{16112A95-9D32-4FBC-8E9D-CEB49BBC5A9A}.Debug|Any CPU.Build.0 = Debug|Any CPU
		{16112A95-9D32-4FBC-8E9D-CEB49BBC5A9A}.Release|Any CPU.ActiveCfg = Release|Any CPU
		{16112A95-9D32-4FBC-8E9D-CEB49BBC5A9A}.Release|Any CPU.Build.0 = Release|Any CPU
	EndGlobalSection
	GlobalSection(SolutionProperties) = preSolution
		HideSolutionNode = FALSE
	EndGlobalSection
	GlobalSection(ExtensibilityGlobals) = postSolution
		SolutionGuid = {82F180DA-DACF-4AC9-BA59-EAD9F46BE369}
	EndGlobalSection
EndGlobal
